Microsoft Visual Studio Solution File, Format Version 11.00
# Visual Studio 2008

Project("{1A215F73-2E7E-B34D-6DB9-B802AB864B4F}") = "Gamjam", "Assembly-CSharp.csproj", "{6148DF80-EAFD-876B-0F30-98AC353AF9DB}"
EndProject
Global
	GlobalSection(SolutionConfigurationPlatforms) = preSolution
		Debug|Any CPU = Debug|Any CPU
		Release|Any CPU = Release|Any CPU
	EndGlobalSection
	GlobalSection(ProjectConfigurationPlatforms) = postSolution
		{6148DF80-EAFD-876B-0F30-98AC353AF9DB}.Debug|Any CPU.ActiveCfg = Debug|Any CPU
		{6148DF80-EAFD-876B-0F30-98AC353AF9DB}.Debug|Any CPU.Build.0 = Debug|Any CPU
		{6148DF80-EAFD-876B-0F30-98AC353AF9DB}.Release|Any CPU.ActiveCfg = Release|Any CPU
		{6148DF80-EAFD-876B-0F30-98AC353AF9DB}.Release|Any CPU.Build.0 = Release|Any CPU
	EndGlobalSection
	GlobalSection(SolutionProperties) = preSolution
		HideSolutionNode = FALSE
	EndGlobalSection
	GlobalSection(MonoDevelopProperties) = preSolution
		StartupItem = Assembly-CSharp.csproj
	EndGlobalSection
EndGlobal
